
Microsoft Visual Studio Solution File, Format Version 12.00
# Visual Studio 15
VisualStudioVersion = 15.0.27703.2042
MinimumVisualStudioVersion = 10.0.40219.1
Project("{FAE04EC0-301F-11D3-BF4B-00C04F79EFBC}") = "Modtorio", "Modtorio\Modtorio.csproj", "{F5C533FC-0C44-441A-BE8E-D3021426D1AC}"
	ProjectSection(ProjectDependencies) = postProject
		{B3FC3E21-5F2D-4581-AEA2-59F671CFFC21} = {B3FC3E21-5F2D-4581-AEA2-59F671CFFC21}
		{DB81988F-E0F2-45A0-A1FD-8C37F3D35244} = {DB81988F-E0F2-45A0-A1FD-8C37F3D35244}
		{89286EB4-B4A1-418C-839A-067B00F442D8} = {89286EB4-B4A1-418C-839A-067B00F442D8}
		{672EC5CF-7CA2-4943-96CD-61EA405AD0FF} = {672EC5CF-7CA2-4943-96CD-61EA405AD0FF}
		{72E591D6-8F83-4D8C-8F67-9C325E623234} = {72E591D6-8F83-4D8C-8F67-9C325E623234}
		{BA72CCE0-A9FB-4995-B496-7FEC5C87B85B} = {BA72CCE0-A9FB-4995-B496-7FEC5C87B85B}
		{363758F5-F47A-4DBD-A602-E0D66FD5AD9B} = {363758F5-F47A-4DBD-A602-E0D66FD5AD9B}
	EndProjectSection
EndProject
Project("{9A19103F-16F7-4668-BE54-9A1E7A4F7556}") = "Factorio", "Factorio\Factorio.csproj", "{672EC5CF-7CA2-4943-96CD-61EA405AD0FF}"
EndProject
Project("{FAE04EC0-301F-11D3-BF4B-00C04F79EFBC}") = "LsonLib", "LsonLib\LsonLib.csproj", "{363758F5-F47A-4DBD-A602-E0D66FD5AD9B}"
EndProject
Project("{FAE04EC0-301F-11D3-BF4B-00C04F79EFBC}") = "Xceed.Wpf.Toolkit", "Xceed.Wpf.Toolkit\Xceed.Wpf.Toolkit.csproj", "{72E591D6-8F83-4D8C-8F67-9C325E623234}"
EndProject
Project("{FAE04EC0-301F-11D3-BF4B-00C04F79EFBC}") = "Xceed.Wpf.AvalonDock.Themes.VS2010", "Xceed.Wpf.AvalonDock.Themes.VS2010\Xceed.Wpf.AvalonDock.Themes.VS2010.csproj", "{B3FC3E21-5F2D-4581-AEA2-59F671CFFC21}"
EndProject
Project("{FAE04EC0-301F-11D3-BF4B-00C04F79EFBC}") = "Xceed.Wpf.AvalonDock.Themes.Metro", "Xceed.Wpf.AvalonDock.Themes.Metro\Xceed.Wpf.AvalonDock.Themes.Metro.csproj", "{89286EB4-B4A1-418C-839A-067B00F442D8}"
EndProject
Project("{FAE04EC0-301F-11D3-BF4B-00C04F79EFBC}") = "Xceed.Wpf.AvalonDock.Themes.Aero", "Xceed.Wpf.AvalonDock.Themes.Aero\Xceed.Wpf.AvalonDock.Themes.Aero.csproj", "{BA72CCE0-A9FB-4995-B496-7FEC5C87B85B}"
EndProject
Project("{FAE04EC0-301F-11D3-BF4B-00C04F79EFBC}") = "Xceed.Wpf.AvalonDock", "Xceed.Wpf.AvalonDock\Xceed.Wpf.AvalonDock.csproj", "{DB81988F-E0F2-45A0-A1FD-8C37F3D35244}"
EndProject
Global
	GlobalSection(SolutionConfigurationPlatforms) = preSolution
		Debug|Any CPU = Debug|Any CPU
		Release|Any CPU = Release|Any CPU
	EndGlobalSection
	GlobalSection(ProjectConfigurationPlatforms) = postSolution
		{F5C533FC-0C44-441A-BE8E-D3021426D1AC}.Debug|Any CPU.ActiveCfg = Debug|Any CPU
		{F5C533FC-0C44-441A-BE8E-D3021426D1AC}.Debug|Any CPU.Build.0 = Debug|Any CPU
		{F5C533FC-0C44-441A-BE8E-D3021426D1AC}.Release|Any CPU.ActiveCfg = Release|Any CPU
		{F5C533FC-0C44-441A-BE8E-D3021426D1AC}.Release|Any CPU.Build.0 = Release|Any CPU
		{672EC5CF-7CA2-4943-96CD-61EA405AD0FF}.Debug|Any CPU.ActiveCfg = Debug|Any CPU
		{672EC5CF-7CA2-4943-96CD-61EA405AD0FF}.Debug|Any CPU.Build.0 = Debug|Any CPU
		{672EC5CF-7CA2-4943-96CD-61EA405AD0FF}.Release|Any CPU.ActiveCfg = Release|Any CPU
		{672EC5CF-7CA2-4943-96CD-61EA405AD0FF}.Release|Any CPU.Build.0 = Release|Any CPU
		{363758F5-F47A-4DBD-A602-E0D66FD5AD9B}.Debug|Any CPU.ActiveCfg = Debug|Any CPU
		{363758F5-F47A-4DBD-A602-E0D66FD5AD9B}.Debug|Any CPU.Build.0 = Debug|Any CPU
		{363758F5-F47A-4DBD-A602-E0D66FD5AD9B}.Release|Any CPU.ActiveCfg = Release|Any CPU
		{363758F5-F47A-4DBD-A602-E0D66FD5AD9B}.Release|Any CPU.Build.0 = Release|Any CPU
		{72E591D6-8F83-4D8C-8F67-9C325E623234}.Debug|Any CPU.ActiveCfg = Debug|Any CPU
		{72E591D6-8F83-4D8C-8F67-9C325E623234}.Debug|Any CPU.Build.0 = Debug|Any CPU
		{72E591D6-8F83-4D8C-8F67-9C325E623234}.Release|Any CPU.ActiveCfg = Release|Any CPU
		{72E591D6-8F83-4D8C-8F67-9C325E623234}.Release|Any CPU.Build.0 = Release|Any CPU
		{B3FC3E21-5F2D-4581-AEA2-59F671CFFC21}.Debug|Any CPU.ActiveCfg = Debug|Any CPU
		{B3FC3E21-5F2D-4581-AEA2-59F671CFFC21}.Debug|Any CPU.Build.0 = Debug|Any CPU
		{B3FC3E21-5F2D-4581-AEA2-59F671CFFC21}.Release|Any CPU.ActiveCfg = Release|Any CPU
		{B3FC3E21-5F2D-4581-AEA2-59F671CFFC21}.Release|Any CPU.Build.0 = Release|Any CPU
		{89286EB4-B4A1-418C-839A-067B00F442D8}.Debug|Any CPU.ActiveCfg = Debug|Any CPU
		{89286EB4-B4A1-418C-839A-067B00F442D8}.Debug|Any CPU.Build.0 = Debug|Any CPU
		{89286EB4-B4A1-418C-839A-067B00F442D8}.Release|Any CPU.ActiveCfg = Release|Any CPU
		{89286EB4-B4A1-418C-839A-067B00F442D8}.Release|Any CPU.Build.0 = Release|Any CPU
		{BA72CCE0-A9FB-4995-B496-7FEC5C87B85B}.Debug|Any CPU.ActiveCfg = Debug|Any CPU
		{BA72CCE0-A9FB-4995-B496-7FEC5C87B85B}.Debug|Any CPU.Build.0 = Debug|Any CPU
		{BA72CCE0-A9FB-4995-B496-7FEC5C87B85B}.Release|Any CPU.ActiveCfg = Release|Any CPU
		{BA72CCE0-A9FB-4995-B496-7FEC5C87B85B}.Release|Any CPU.Build.0 = Release|Any CPU
		{DB81988F-E0F2-45A0-A1FD-8C37F3D35244}.Debug|Any CPU.ActiveCfg = Debug|Any CPU
		{DB81988F-E0F2-45A0-A1FD-8C37F3D35244}.Debug|Any CPU.Build.0 = Debug|Any CPU
		{DB81988F-E0F2-45A0-A1FD-8C37F3D35244}.Release|Any CPU.ActiveCfg = Release|Any CPU
		{DB81988F-E0F2-45A0-A1FD-8C37F3D35244}.Release|Any CPU.Build.0 = Release|Any CPU
	EndGlobalSection
	GlobalSection(SolutionProperties) = preSolution
		HideSolutionNode = FALSE
	EndGlobalSection
	GlobalSection(ExtensibilityGlobals) = postSolution
		SolutionGuid = {AA0B8361-335F-44B0-8C0E-B8E1CE0D3B70}
	EndGlobalSection
EndGlobal
